
Microsoft Visual Studio Solution File, Format Version 12.00
# Visual Studio Version 17
VisualStudioVersion = 17.4.33205.214
MinimumVisualStudioVersion = 10.0.40219.1
Project("{FAE04EC0-301F-11D3-BF4B-00C04F79EFBC}") = "AttachmentDownloader", "AttachmentDownloader\AttachmentDownloader.csproj", "{66207089-C77B-4F20-9B32-F3725419ACA3}"
EndProject
Global
	GlobalSection(SolutionConfigurationPlatforms) = preSolution
		Debug|Any CPU = Debug|Any CPU
		Release|Any CPU = Release|Any CPU
	EndGlobalSection
	GlobalSection(ProjectConfigurationPlatforms) = postSolution
		{66207089-C77B-4F20-9B32-F3725419ACA3}.Debug|Any CPU.ActiveCfg = Debug|Any CPU
		{66207089-C77B-4F20-9B32-F3725419ACA3}.Debug|Any CPU.Build.0 = Debug|Any CPU
		{66207089-C77B-4F20-9B32-F3725419ACA3}.Release|Any CPU.ActiveCfg = Release|Any CPU
		{66207089-C77B-4F20-9B32-F3725419ACA3}.Release|Any CPU.Build.0 = Release|Any CPU
	EndGlobalSection
	GlobalSection(SolutionProperties) = preSolution
		HideSolutionNode = FALSE
	EndGlobalSection
	GlobalSection(ExtensibilityGlobals) = postSolution
		SolutionGuid = {86DDD6A2-C620-4F1A-A772-BC529C24DE0E}
	EndGlobalSection
EndGlobal
